// !$*UTF8*$!
{
	archiveVersion = 1;
	classes = {
	};
	objectVersion = 46;
	objects = {

/* Begin PBXBuildFile section */
		85A646F31B41BBB700E0B533 /* AppDelegate.swift in Sources */ = {isa = PBXBuildFile; fileRef = 85A646F21B41BBB700E0B533 /* AppDelegate.swift */; };
		85A646F61B41BBB700E0B533 /* SampleTableAndCoredata.xcdatamodeld in Sources */ = {isa = PBXBuildFile; fileRef = 85A646F41B41BBB700E0B533 /* SampleTableAndCoredata.xcdatamodeld */; };
		85A646FB1B41BBB700E0B533 /* Main.storyboard in Resources */ = {isa = PBXBuildFile; fileRef = 85A646F91B41BBB700E0B533 /* Main.storyboard */; };
		85A646FD1B41BBB700E0B533 /* Images.xcassets in Resources */ = {isa = PBXBuildFile; fileRef = 85A646FC1B41BBB700E0B533 /* Images.xcassets */; };
		85A647001B41BBB700E0B533 /* LaunchScreen.xib in Resources */ = {isa = PBXBuildFile; fileRef = 85A646FE1B41BBB700E0B533 /* LaunchScreen.xib */; };
		85A6470C1B41BBB800E0B533 /* SampleTableAndCoredataTests.swift in Sources */ = {isa = PBXBuildFile; fileRef = 85A6470B1B41BBB800E0B533 /* SampleTableAndCoredataTests.swift */; };
		85A647191B41BDAA00E0B533 /* SampleTableViewController.swift in Sources */ = {isa = PBXBuildFile; fileRef = 85A647181B41BDAA00E0B533 /* SampleTableViewController.swift */; };
		85A6471B1B41BF2500E0B533 /* SampleDetailViewController.swift in Sources */ = {isa = PBXBuildFile; fileRef = 85A6471A1B41BF2500E0B533 /* SampleDetailViewController.swift */; };
		85DDE9B91B474264006A05E7 /* Entity.swift in Sources */ = {isa = PBXBuildFile; fileRef = 85DDE9B81B474264006A05E7 /* Entity.swift */; };
/* End PBXBuildFile section */

/* Begin PBXContainerItemProxy section */
		85A647061B41BBB800E0B533 /* PBXContainerItemProxy */ = {
			isa = PBXContainerItemProxy;
			containerPortal = 85A646E51B41BBB700E0B533 /* Project object */;
			proxyType = 1;
			remoteGlobalIDString = 85A646EC1B41BBB700E0B533;
			remoteInfo = SampleTableAndCoredata;
		};
/* End PBXContainerItemProxy section */

/* Begin PBXFileReference section */
		85A646ED1B41BBB700E0B533 /* SampleTableAndCoredata.app */ = {isa = PBXFileReference; explicitFileType = wrapper.application; includeInIndex = 0; path = SampleTableAndCoredata.app; sourceTree = BUILT_PRODUCTS_DIR; };
		85A646F11B41BBB700E0B533 /* Info.plist */ = {isa = PBXFileReference; lastKnownFileType = text.plist.xml; path = Info.plist; sourceTree = "<group>"; };
		85A646F21B41BBB700E0B533 /* AppDelegate.swift */ = {isa = PBXFileReference; lastKnownFileType = sourcecode.swift; path = AppDelegate.swift; sourceTree = "<group>"; };
		85A646F51B41BBB700E0B533 /* SampleTableAndCoredata.xcdatamodel */ = {isa = PBXFileReference; lastKnownFileType = wrapper.xcdatamodel; path = SampleTableAndCoredata.xcdatamodel; sourceTree = "<group>"; };
		85A646FA1B41BBB700E0B533 /* Base */ = {isa = PBXFileReference; lastKnownFileType = file.storyboard; name = Base; path = Base.lproj/Main.storyboard; sourceTree = "<group>"; };
		85A646FC1B41BBB700E0B533 /* Images.xcassets */ = {isa = PBXFileReference; lastKnownFileType = folder.assetcatalog; path = Images.xcassets; sourceTree = "<group>"; };
		85A646FF1B41BBB700E0B533 /* Base */ = {isa = PBXFileReference; lastKnownFileType = file.xib; name = Base; path = Base.lproj/LaunchScreen.xib; sourceTree = "<group>"; };
		85A647051B41BBB800E0B533 /* SampleTableAndCoredataTests.xctest */ = {isa = PBXFileReference; explicitFileType = wrapper.cfbundle; includeInIndex = 0; path = SampleTableAndCoredataTests.xctest; sourceTree = BUILT_PRODUCTS_DIR; };
		85A6470A1B41BBB800E0B533 /* Info.plist */ = {isa = PBXFileReference; lastKnownFileType = text.plist.xml; path = Info.plist; sourceTree = "<group>"; };
		85A6470B1B41BBB800E0B533 /* SampleTableAndCoredataTests.swift */ = {isa = PBXFileReference; lastKnownFileType = sourcecode.swift; path = SampleTableAndCoredataTests.swift; sourceTree = "<group>"; };
		85A647181B41BDAA00E0B533 /* SampleTableViewController.swift */ = {isa = PBXFileReference; fileEncoding = 4; lastKnownFileType = sourcecode.swift; name = SampleTableViewController.swift; path = ViewController/SampleTableViewController.swift; sourceTree = "<group>"; };
		85A6471A1B41BF2500E0B533 /* SampleDetailViewController.swift */ = {isa = PBXFileReference; fileEncoding = 4; lastKnownFileType = sourcecode.swift; name = SampleDetailViewController.swift; path = ViewController/SampleDetailViewController.swift; sourceTree = "<group>"; };
		85DDE9B81B474264006A05E7 /* Entity.swift */ = {isa = PBXFileReference; fileEncoding = 4; lastKnownFileType = sourcecode.swift; name = Entity.swift; path = Entity/Entity.swift; sourceTree = "<group>"; };
/* End PBXFileReference section */

/* Begin PBXFrameworksBuildPhase section */
		85A646EA1B41BBB700E0B533 /* Frameworks */ = {
			isa = PBXFrameworksBuildPhase;
			buildActionMask = 2147483647;
			files = (
			);
			runOnlyForDeploymentPostprocessing = 0;
		};
		85A647021B41BBB800E0B533 /* Frameworks */ = {
			isa = PBXFrameworksBuildPhase;
			buildActionMask = 2147483647;
			files = (
			);
			runOnlyForDeploymentPostprocessing = 0;
		};
/* End PBXFrameworksBuildPhase section */

/* Begin PBXGroup section */
		85A646E41B41BBB700E0B533 = {
			isa = PBXGroup;
			children = (
				85A646EF1B41BBB700E0B533 /* SampleTableAndCoredata */,
				85A647081B41BBB800E0B533 /* SampleTableAndCoredataTests */,
				85A646EE1B41BBB700E0B533 /* Products */,
			);
			sourceTree = "<group>";
		};
		85A646EE1B41BBB700E0B533 /* Products */ = {
			isa = PBXGroup;
			children = (
				85A646ED1B41BBB700E0B533 /* SampleTableAndCoredata.app */,
				85A647051B41BBB800E0B533 /* SampleTableAndCoredataTests.xctest */,
			);
			name = Products;
			sourceTree = "<group>";
		};
		85A646EF1B41BBB700E0B533 /* SampleTableAndCoredata */ = {
			isa = PBXGroup;
			children = (
				85A646F21B41BBB700E0B533 /* AppDelegate.swift */,
				85A646F91B41BBB700E0B533 /* Main.storyboard */,
				85A646FC1B41BBB700E0B533 /* Images.xcassets */,
				85A646FE1B41BBB700E0B533 /* LaunchScreen.xib */,
				85DDE9B81B474264006A05E7 /* Entity.swift */,
				85A646F41B41BBB700E0B533 /* SampleTableAndCoredata.xcdatamodeld */,
				85A646F01B41BBB700E0B533 /* Supporting Files */,
				85A647181B41BDAA00E0B533 /* SampleTableViewController.swift */,
				85A6471A1B41BF2500E0B533 /* SampleDetailViewController.swift */,
			);
			path = SampleTableAndCoredata;
			sourceTree = "<group>";
		};
		85A646F01B41BBB700E0B533 /* Supporting Files */ = {
			isa = PBXGroup;
			children = (
				85A646F11B41BBB700E0B533 /* Info.plist */,
			);
			name = "Supporting Files";
			sourceTree = "<group>";
		};
		85A647081B41BBB800E0B533 /* SampleTableAndCoredataTests */ = {
			isa = PBXGroup;
			children = (
				85A6470B1B41BBB800E0B533 /* SampleTableAndCoredataTests.swift */,
				85A647091B41BBB800E0B533 /* Supporting Files */,
			);
			path = SampleTableAndCoredataTests;
			sourceTree = "<group>";
		};
		85A647091B41BBB800E0B533 /* Supporting Files */ = {
			isa = PBXGroup;
			children = (
				85A6470A1B41BBB800E0B533 /* Info.plist */,
			);
			name = "Supporting Files";
			sourceTree = "<group>";
		};
/* End PBXGroup section */

/* Begin PBXNativeTarget section */
		85A646EC1B41BBB700E0B533 /* SampleTableAndCoredata */ = {
			isa = PBXNativeTarget;
			buildConfigurationList = 85A6470F1B41BBB800E0B533 /* Build configuration list for PBXNativeTarget "SampleTableAndCoredata" */;
			buildPhases = (
				85A646E91B41BBB700E0B533 /* Sources */,
				85A646EA1B41BBB700E0B533 /* Frameworks */,
				85A646EB1B41BBB700E0B533 /* Resources */,
			);
			buildRules = (
			);
			dependencies = (
			);
			name = SampleTableAndCoredata;
			productName = SampleTableAndCoredata;
			productReference = 85A646ED1B41BBB700E0B533 /* SampleTableAndCoredata.app */;
			productType = "com.apple.product-type.application";
		};
		85A647041B41BBB800E0B533 /* SampleTableAndCoredataTests */ = {
			isa = PBXNativeTarget;
			buildConfigurationList = 85A647121B41BBB800E0B533 /* Build configuration list for PBXNativeTarget "SampleTableAndCoredataTests" */;
			buildPhases = (
				85A647011B41BBB800E0B533 /* Sources */,
				85A647021B41BBB800E0B533 /* Frameworks */,
				85A647031B41BBB800E0B533 /* Resources */,
			);
			buildRules = (
			);
			dependencies = (
				85A647071B41BBB800E0B533 /* PBXTargetDependency */,
			);
			name = SampleTableAndCoredataTests;
			productName = SampleTableAndCoredataTests;
			productReference = 85A647051B41BBB800E0B533 /* SampleTableAndCoredataTests.xctest */;
			productType = "com.apple.product-type.bundle.unit-test";
		};
/* End PBXNativeTarget section */

/* Begin PBXProject section */
		85A646E51B41BBB700E0B533 /* Project object */ = {
			isa = PBXProject;
			attributes = {
				LastUpgradeCheck = 0630;
				ORGANIZATIONNAME = "Andy Show";
				TargetAttributes = {
					85A646EC1B41BBB700E0B533 = {
						CreatedOnToolsVersion = 6.3.2;
					};
					85A647041B41BBB800E0B533 = {
						CreatedOnToolsVersion = 6.3.2;
						TestTargetID = 85A646EC1B41BBB700E0B533;
					};
				};
			};
			buildConfigurationList = 85A646E81B41BBB700E0B533 /* Build configuration list for PBXProject "SampleTableAndCoredata" */;
			compatibilityVersion = "Xcode 3.2";
			developmentRegion = English;
			hasScannedForEncodings = 0;
			knownRegions = (
				en,
				Base,
			);
			mainGroup = 85A646E41B41BBB700E0B533;
			productRefGroup = 85A646EE1B41BBB700E0B533 /* Products */;
			projectDirPath = "";
			projectRoot = "";
			targets = (
				85A646EC1B41BBB700E0B533 /* SampleTableAndCoredata */,
				85A647041B41BBB800E0B533 /* SampleTableAndCoredataTests */,
			);
		};
/* End PBXProject section */

/* Begin PBXResourcesBuildPhase section */
		85A646EB1B41BBB700E0B533 /* Resources */ = {
			isa = PBXResourcesBuildPhase;
			buildActionMask = 2147483647;
			files = (
				85A646FB1B41BBB700E0B533 /* Main.storyboard in Resources */,
				85A647001B41BBB700E0B533 /* LaunchScreen.xib in Resources */,
				85A646FD1B41BBB700E0B533 /* Images.xcassets in Resources */,
			);
			runOnlyForDeploymentPostprocessing = 0;
		};
		85A647031B41BBB800E0B533 /* Resources */ = {
			isa = PBXResourcesBuildPhase;
			buildActionMask = 2147483647;
			files = (
			);
			runOnlyForDeploymentPostprocessing = 0;
		};
/* End PBXResourcesBuildPhase section */

/* Begin PBXSourcesBuildPhase section */
		85A646E91B41BBB700E0B533 /* Sources */ = {
			isa = PBXSourcesBuildPhase;
			buildActionMask = 2147483647;
			files = (
				85A646F31B41BBB700E0B533 /* AppDelegate.swift in Sources */,
				85DDE9B91B474264006A05E7 /* Entity.swift in Sources */,
				85A646F61B41BBB700E0B533 /* SampleTableAndCoredata.xcdatamodeld in Sources */,
				85A6471B1B41BF2500E0B533 /* SampleDetailViewController.swift in Sources */,
				85A647191B41BDAA00E0B533 /* SampleTableViewController.swift in Sources */,
			);
			runOnlyForDeploymentPostprocessing = 0;
		};
		85A647011B41BBB800E0B533 /* Sources */ = {
			isa = PBXSourcesBuildPhase;
			buildActionMask = 2147483647;
			files = (
				85A6470C1B41BBB800E0B533 /* SampleTableAndCoredataTests.swift in Sources */,
			);
			runOnlyForDeploymentPostprocessing = 0;
		};
/* End PBXSourcesBuildPhase section */

/* Begin PBXTargetDependency section */
		85A647071B41BBB800E0B533 /* PBXTargetDependency */ = {
			isa = PBXTargetDependency;
			target = 85A646EC1B41BBB700E0B533 /* SampleTableAndCoredata */;
			targetProxy = 85A647061B41BBB800E0B533 /* PBXContainerItemProxy */;
		};
/* End PBXTargetDependency section */

/* Begin PBXVariantGroup section */
		85A646F91B41BBB700E0B533 /* Main.storyboard */ = {
			isa = PBXVariantGroup;
			children = (
				85A646FA1B41BBB700E0B533 /* Base */,
			);
			name = Main.storyboard;
			sourceTree = "<group>";
		};
		85A646FE1B41BBB700E0B533 /* LaunchScreen.xib */ = {
			isa = PBXVariantGroup;
			children = (
				85A646FF1B41BBB700E0B533 /* Base */,
			);
			name = LaunchScreen.xib;
			sourceTree = "<group>";
		};
/* End PBXVariantGroup section */

/* Begin XCBuildConfiguration section */
		85A6470D1B41BBB800E0B533 /* Debug */ = {
			isa = XCBuildConfiguration;
			buildSettings = {
				ALWAYS_SEARCH_USER_PATHS = NO;
				CLANG_CXX_LANGUAGE_STANDARD = "gnu++0x";
				CLANG_CXX_LIBRARY = "libc++";
				CLANG_ENABLE_MODULES = YES;
				CLANG_ENABLE_OBJC_ARC = YES;
				CLANG_WARN_BOOL_CONVERSION = YES;
				CLANG_WARN_CONSTANT_CONVERSION = YES;
				CLANG_WARN_DIRECT_OBJC_ISA_USAGE = YES_ERROR;
				CLANG_WARN_EMPTY_BODY = YES;
				CLANG_WARN_ENUM_CONVERSION = YES;
				CLANG_WARN_INT_CONVERSION = YES;
				CLANG_WARN_OBJC_ROOT_CLASS = YES_ERROR;
				CLANG_WARN_UNREACHABLE_CODE = YES;
				CLANG_WARN__DUPLICATE_METHOD_MATCH = YES;
				"CODE_SIGN_IDENTITY[sdk=iphoneos*]" = "iPhone Developer";
				COPY_PHASE_STRIP = NO;
				DEBUG_INFORMATION_FORMAT = "dwarf-with-dsym";
				ENABLE_STRICT_OBJC_MSGSEND = YES;
				GCC_C_LANGUAGE_STANDARD = gnu99;
				GCC_DYNAMIC_NO_PIC = NO;
				GCC_NO_COMMON_BLOCKS = YES;
				GCC_OPTIMIZATION_LEVEL = 0;
				GCC_PREPROCESSOR_DEFINITIONS = (
					"DEBUG=1",
					"$(inherited)",
				);
				GCC_SYMBOLS_PRIVATE_EXTERN = NO;
				GCC_WARN_64_TO_32_BIT_CONVERSION = YES;
				GCC_WARN_ABOUT_RETURN_TYPE = YES_ERROR;
				GCC_WARN_UNDECLARED_SELECTOR = YES;
				GCC_WARN_UNINITIALIZED_AUTOS = YES_AGGRESSIVE;
				GCC_WARN_UNUSED_FUNCTION = YES;
				GCC_WARN_UNUSED_VARIABLE = YES;
				IPHONEOS_DEPLOYMENT_TARGET = 8.3;
				MTL_ENABLE_DEBUG_INFO = YES;
				ONLY_ACTIVE_ARCH = YES;
				SDKROOT = iphoneos;
				SWIFT_OPTIMIZATION_LEVEL = "-Onone";
			};
			name = Debug;
		};
		85A6470E1B41BBB800E0B533 /* Release */ = {
			isa = XCBuildConfiguration;
			buildSettings = {
				ALWAYS_SEARCH_USER_PATHS = NO;
				CLANG_CXX_LANGUAGE_STANDARD = "gnu++0x";
				CLANG_CXX_LIBRARY = "libc++";
				CLANG_ENABLE_MODULES = YES;
				CLANG_ENABLE_OBJC_ARC = YES;
				CLANG_WARN_BOOL_CONVERSION = YES;
				CLANG_WARN_CONSTANT_CONVERSION = YES;
				CLANG_WARN_DIRECT_OBJC_ISA_USAGE = YES_ERROR;
				CLANG_WARN_EMPTY_BODY = YES;
				CLANG_WARN_ENUM_CONVERSION = YES;
				CLANG_WARN_INT_CONVERSION = YES;
				CLANG_WARN_OBJC_ROOT_CLASS = YES_ERROR;
				CLANG_WARN_UNREACHABLE_CODE = YES;
				CLANG_WARN__DUPLICATE_METHOD_MATCH = YES;
				"CODE_SIGN_IDENTITY[sdk=iphoneos*]" = "iPhone Developer";
				COPY_PHASE_STRIP = NO;
				DEBUG_INFORMATION_FORMAT = "dwarf-with-dsym";
				ENABLE_NS_ASSERTIONS = NO;
				ENABLE_STRICT_OBJC_MSGSEND = YES;
				GCC_C_LANGUAGE_STANDARD = gnu99;
				GCC_NO_COMMON_BLOCKS = YES;
				GCC_WARN_64_TO_32_BIT_CONVERSION = YES;
				GCC_WARN_ABOUT_RETURN_TYPE = YES_ERROR;
				GCC_WARN_UNDECLARED_SELECTOR = YES;
				GCC_WARN_UNINITIALIZED_AUTOS = YES_AGGRESSIVE;
				GCC_WARN_UNUSED_FUNCTION = YES;
				GCC_WARN_UNUSED_VARIABLE = YES;
				IPHONEOS_DEPLOYMENT_TARGET = 8.3;
				MTL_ENABLE_DEBUG_INFO = NO;
				SDKROOT = iphoneos;
				VALIDATE_PRODUCT = YES;
			};
			name = Release;
		};
		85A647101B41BBB800E0B533 /* Debug */ = {
			isa = XCBuildConfiguration;
			buildSettings = {
				ASSETCATALOG_COMPILER_APPICON_NAME = AppIcon;
				INFOPLIST_FILE = SampleTableAndCoredata/Info.plist;
				LD_RUNPATH_SEARCH_PATHS = "$(inherited) @executable_path/Frameworks";
				PRODUCT_NAME = "$(TARGET_NAME)";
			};
			name = Debug;
		};
		85A647111B41BBB800E0B533 /* Release */ = {
			isa = XCBuildConfiguration;
			buildSettings = {
				ASSETCATALOG_COMPILER_APPICON_NAME = AppIcon;
				INFOPLIST_FILE = SampleTableAndCoredata/Info.plist;
				LD_RUNPATH_SEARCH_PATHS = "$(inherited) @executable_path/Frameworks";
				PRODUCT_NAME = "$(TARGET_NAME)";
			};
			name = Release;
		};
		85A647131B41BBB800E0B533 /* Debug */ = {
			isa = XCBuildConfiguration;
			buildSettings = {
				BUNDLE_LOADER = "$(TEST_HOST)";
				FRAMEWORK_SEARCH_PATHS = (
					"$(SDKROOT)/Developer/Library/Frameworks",
					"$(inherited)",
				);
				GCC_PREPROCESSOR_DEFINITIONS = (
					"DEBUG=1",
					"$(inherited)",
				);
				INFOPLIST_FILE = SampleTableAndCoredataTests/Info.plist;
				LD_RUNPATH_SEARCH_PATHS = "$(inherited) @executable_path/Frameworks @loader_path/Frameworks";
				PRODUCT_NAME = "$(TARGET_NAME)";
				TEST_HOST = "$(BUILT_PRODUCTS_DIR)/SampleTableAndCoredata.app/SampleTableAndCoredata";
			};
			name = Debug;
		};
		85A647141B41BBB800E0B533 /* Release */ = {
			isa = XCBuildConfiguration;
			buildSettings = {
				BUNDLE_LOADER = "$(TEST_HOST)";
				FRAMEWORK_SEARCH_PATHS = (
					"$(SDKROOT)/Developer/Library/Frameworks",
					"$(inherited)",
				);
				INFOPLIST_FILE = SampleTableAndCoredataTests/Info.plist;
				LD_RUNPATH_SEARCH_PATHS = "$(inherited) @executable_path/Frameworks @loader_path/Frameworks";
				PRODUCT_NAME = "$(TARGET_NAME)";
				TEST_HOST = "$(BUILT_PRODUCTS_DIR)/SampleTableAndCoredata.app/SampleTableAndCoredata";
			};
			name = Release;
		};
/* End XCBuildConfiguration section */

/* Begin XCConfigurationList section */
		85A646E81B41BBB700E0B533 /* Build configuration list for PBXProject "SampleTableAndCoredata" */ = {
			isa = XCConfigurationList;
			buildConfigurations = (
				85A6470D1B41BBB800E0B533 /* Debug */,
				85A6470E1B41BBB800E0B533 /* Release */,
			);
			defaultConfigurationIsVisible = 0;
			defaultConfigurationName = Release;
		};
		85A6470F1B41BBB800E0B533 /* Build configuration list for PBXNativeTarget "SampleTableAndCoredata" */ = {
			isa = XCConfigurationList;
			buildConfigurations = (
				85A647101B41BBB800E0B533 /* Debug */,
				85A647111B41BBB800E0B533 /* Release */,
			);
			defaultConfigurationIsVisible = 0;
			defaultConfigurationName = Release;
		};
		85A647121B41BBB800E0B533 /* Build configuration list for PBXNativeTarget "SampleTableAndCoredataTests" */ = {
			isa = XCConfigurationList;
			buildConfigurations = (
				85A647131B41BBB800E0B533 /* Debug */,
				85A647141B41BBB800E0B533 /* Release */,
			);
			defaultConfigurationIsVisible = 0;
			defaultConfigurationName = Release;
		};
/* End XCConfigurationList section */

/* Begin XCVersionGroup section */
		85A646F41B41BBB700E0B533 /* SampleTableAndCoredata.xcdatamodeld */ = {
			isa = XCVersionGroup;
			children = (
				85A646F51B41BBB700E0B533 /* SampleTableAndCoredata.xcdatamodel */,
			);
			currentVersion = 85A646F51B41BBB700E0B533 /* SampleTableAndCoredata.xcdatamodel */;
			path = SampleTableAndCoredata.xcdatamodeld;
			sourceTree = "<group>";
			versionGroupType = wrapper.xcdatamodel;
		};
/* End XCVersionGroup section */
	};
	rootObject = 85A646E51B41BBB700E0B533 /* Project object */;
}
